
Microsoft Visual Studio Solution File, Format Version 12.00
# Visual Studio 14
VisualStudioVersion = 14.0.25420.1
MinimumVisualStudioVersion = 10.0.40219.1
Project("{FAE04EC0-301F-11D3-BF4B-00C04F79EFBC}") = "MyChild.Data", "MyChild.Data\MyChild.Data.csproj", "{B8D605B8-3523-4D03-B0E4-9A8DC0D85DBB}"
EndProject
Project("{FAE04EC0-301F-11D3-BF4B-00C04F79EFBC}") = "MyChild.Test", "MyChild.Test\MyChild.Test.csproj", "{2AE18FE9-FA0B-4B76-8513-175C62C58312}"
EndProject
Project("{FAE04EC0-301F-11D3-BF4B-00C04F79EFBC}") = "mychild.service", "mychild.service\mychild.service.csproj", "{2A8BC8A9-A6EE-4019-BFE2-B11F95A43CBF}"
EndProject
Global
	GlobalSection(SolutionConfigurationPlatforms) = preSolution
		Debug|Any CPU = Debug|Any CPU
		Release|Any CPU = Release|Any CPU
	EndGlobalSection
	GlobalSection(ProjectConfigurationPlatforms) = postSolution
		{B8D605B8-3523-4D03-B0E4-9A8DC0D85DBB}.Debug|Any CPU.ActiveCfg = Debug|Any CPU
		{B8D605B8-3523-4D03-B0E4-9A8DC0D85DBB}.Debug|Any CPU.Build.0 = Debug|Any CPU
		{B8D605B8-3523-4D03-B0E4-9A8DC0D85DBB}.Release|Any CPU.ActiveCfg = Release|Any CPU
		{B8D605B8-3523-4D03-B0E4-9A8DC0D85DBB}.Release|Any CPU.Build.0 = Release|Any CPU
		{2AE18FE9-FA0B-4B76-8513-175C62C58312}.Debug|Any CPU.ActiveCfg = Debug|Any CPU
		{2AE18FE9-FA0B-4B76-8513-175C62C58312}.Debug|Any CPU.Build.0 = Debug|Any CPU
		{2AE18FE9-FA0B-4B76-8513-175C62C58312}.Release|Any CPU.ActiveCfg = Release|Any CPU
		{2AE18FE9-FA0B-4B76-8513-175C62C58312}.Release|Any CPU.Build.0 = Release|Any CPU
		{2A8BC8A9-A6EE-4019-BFE2-B11F95A43CBF}.Debug|Any CPU.ActiveCfg = Debug|Any CPU
		{2A8BC8A9-A6EE-4019-BFE2-B11F95A43CBF}.Debug|Any CPU.Build.0 = Debug|Any CPU
		{2A8BC8A9-A6EE-4019-BFE2-B11F95A43CBF}.Release|Any CPU.ActiveCfg = Release|Any CPU
		{2A8BC8A9-A6EE-4019-BFE2-B11F95A43CBF}.Release|Any CPU.Build.0 = Release|Any CPU
	EndGlobalSection
	GlobalSection(SolutionProperties) = preSolution
		HideSolutionNode = FALSE
	EndGlobalSection
EndGlobal
